
Microsoft Visual Studio Solution File, Format Version 12.00
# Visual Studio Version 17
VisualStudioVersion = 17.1.32421.90
MinimumVisualStudioVersion = 10.0.40219.1
Project("{FAE04EC0-301F-11D3-BF4B-00C04F79EFBC}") = "LogSharp", "LogSharp\LogSharp.csproj", "{CAA96822-87D6-4ACB-9002-92EE8F4B1617}"
EndProject
Global
	GlobalSection(SolutionConfigurationPlatforms) = preSolution
		Debug|Any CPU = Debug|Any CPU
		Release|Any CPU = Release|Any CPU
	EndGlobalSection
	GlobalSection(ProjectConfigurationPlatforms) = postSolution
		{CAA96822-87D6-4ACB-9002-92EE8F4B1617}.Debug|Any CPU.ActiveCfg = Debug|Any CPU
		{CAA96822-87D6-4ACB-9002-92EE8F4B1617}.Debug|Any CPU.Build.0 = Debug|Any CPU
		{CAA96822-87D6-4ACB-9002-92EE8F4B1617}.Release|Any CPU.ActiveCfg = Release|Any CPU
		{CAA96822-87D6-4ACB-9002-92EE8F4B1617}.Release|Any CPU.Build.0 = Release|Any CPU
	EndGlobalSection
	GlobalSection(SolutionProperties) = preSolution
		HideSolutionNode = FALSE
	EndGlobalSection
	GlobalSection(ExtensibilityGlobals) = postSolution
		SolutionGuid = {8AAA1AE0-6BC5-45F6-8611-BB5E1CD2729C}
	EndGlobalSection
EndGlobal
